<?xml version="1.0" encoding="utf-8"?>
<Project ToolsVersion="4.0" xmlns="http://schemas.microsoft.com/developer/msbuild/2003">
  <ItemGroup>
    <Filter Include="Resource Files">
      <UniqueIdentifier>{67DA6AB6-F800-4c08-8B7A-83BB121AAD01}</UniqueIdentifier>
      <Extensions>rc;ico;cur;bmp;dlg;rc2;rct;bin;rgs;gif;jpg;jpeg;jpe;resx;tiff;tif;png;wav;mfcribbon-ms</Extensions>
    </Filter>
    <Filter Include="Engine">
      <UniqueIdentifier>{7f38c64c-749a-4378-8cd8-b378164b531a}</UniqueIdentifier>
    </Filter>
    <Filter Include="Engine\Entities">
      <UniqueIdentifier>{d93a65db-7028-4abf-a7fc-eddd171d0fea}</UniqueIdentifier>
    </Filter>
    <Filter Include="Engine\Level">
      <UniqueIdentifier>{a96d726b-5d55-4bc6-a07e-67b20cd362dc}</UniqueIdentifier>
    </Filter>
    <Filter Include="Engine\Systems">
      <UniqueIdentifier>{a281f72f-6769-428e-8296-0388aacb17df}</UniqueIdentifier>
    </Filter>
    <Filter Include="Engine\Text">
      <UniqueIdentifier>{771b69f7-39c6-4af3-a6d4-b8a69f3a2d88}</UniqueIdentifier>
    </Filter>
    <Filter Include="Engine\Utils">
      <UniqueIdentifier>{ae424c48-97f3-4cd4-adc5-396a4289dd9a}</UniqueIdentifier>
    </Filter>
    <Filter Include="Engine\Systems\Graphics">
      <UniqueIdentifier>{7065aed3-8949-4870-8089-b5bade244c24}</UniqueIdentifier>
    </Filter>
    <Filter Include="Engine\Systems\Input">
      <UniqueIdentifier>{ce211b52-d1d2-4f53-bbf2-44cba02ef41a}</UniqueIdentifier>
    </Filter>
    <Filter Include="Engine\Systems\Audio">
      <UniqueIdentifier>{aee5aa51-b5aa-420e-a141-24f28f2ac0af}</UniqueIdentifier>
    </Filter>
    <Filter Include="Engine\Systems\Graphics\Lights">
      <UniqueIdentifier>{b43e6728-9e04-48c9-bedc-d04914c20c36}</UniqueIdentifier>
    </Filter>
    <Filter Include="Game">
      <UniqueIdentifier>{f3abfc40-6936-432d-b95e-54fc57495fc4}</UniqueIdentifier>
    </Filter>
    <Filter Include="Game\Entities">
      <UniqueIdentifier>{5df9ae22-16c6-4976-a220-fabed017cb0c}</UniqueIdentifier>
    </Filter>
    <Filter Include="Engine\Systems\Textures">
      <UniqueIdentifier>{2289acc3-1265-43ae-b174-2187da779932}</UniqueIdentifier>
    </Filter>
    <Filter Include="Engine\Systems\Window">
      <UniqueIdentifier>{857cc730-403f-4e5b-9744-d2b3f80e0795}</UniqueIdentifier>
    </Filter>
    <Filter Include="Game\Modes">
      <UniqueIdentifier>{d16d3a56-205e-49cc-aeb6-0ad0b531185f}</UniqueIdentifier>
    </Filter>
    <Filter Include="Engine\Utils\JSON">
      <UniqueIdentifier>{efa87a1b-872e-4695-9d3d-cdbfa6f98717}</UniqueIdentifier>
    </Filter>
    <Filter Include="Engine\Utils\Volumes">
      <UniqueIdentifier>{633600c0-0728-460a-be3f-c8d33b3a685b}</UniqueIdentifier>
    </Filter>
    <Filter Include="Game\Views">
      <UniqueIdentifier>{def3bdd8-aeee-4963-becb-455035d749b3}</UniqueIdentifier>
    </Filter>
    <Filter Include="Engine\Views">
      <UniqueIdentifier>{18ca16b7-aa42-4ba7-98ef-876a8657cbe1}</UniqueIdentifier>
    </Filter>
    <Filter Include="Engine\Systems\Input\Command">
      <UniqueIdentifier>{ecc886a6-1b53-462a-9566-120fa0c5ed9a}</UniqueIdentifier>
    </Filter>
    <Filter Include="Game\Entities\EntityManagers">
      <UniqueIdentifier>{14fdc447-2e65-46d2-bbf9-374489cbe451}</UniqueIdentifier>
    </Filter>
  </ItemGroup>
  <ItemGroup>
    <Text Include="resources\Scenes\treeScene.txt">
      <Filter>Resource Files</Filter>
    </Text>
    <Text Include="resources\Scenes\rockScene.txt">
      <Filter>Resource Files</Filter>
    </Text>
    <Text Include="resources\shaders\lfragment-shader.txt">
      <Filter>Resource Files</Filter>
    </Text>
    <Text Include="resources\shaders\lvertex-shader.txt">
      <Filter>Resource Files</Filter>
    </Text>
  </ItemGroup>
  <ItemGroup>
    <ClCompile Include="SpotLight.cpp">
      <Filter>Engine\Systems\Graphics\Lights</Filter>
    </ClCompile>
    <ClCompile Include="PointLight.cpp">
      <Filter>Engine\Systems\Graphics\Lights</Filter>
    </ClCompile>
    <ClCompile Include="Light.cpp">
      <Filter>Engine\Systems\Graphics\Lights</Filter>
    </ClCompile>
    <ClCompile Include="DirectionalLight.cpp">
      <Filter>Engine\Systems\Graphics\Lights</Filter>
    </ClCompile>
    <ClCompile Include="TurriFramework.cpp">
      <Filter>Engine</Filter>
    </ClCompile>
    <ClCompile Include="SceneCreator.cpp">
      <Filter>Engine\Level</Filter>
    </ClCompile>
    <ClCompile Include="OpenGL.cpp">
      <Filter>Engine\Systems\Graphics</Filter>
    </ClCompile>
    <ClCompile Include="OpenGLManagement.cpp">
      <Filter>Engine\Systems\Graphics</Filter>
    </ClCompile>
    <ClCompile Include="ErrorManagement.cpp">
      <Filter>Engine\Utils</Filter>
    </ClCompile>
    <ClCompile Include="InputManager.cpp">
      <Filter>Engine\Systems\Input</Filter>
    </ClCompile>
    <ClCompile Include="TextManager.cpp">
      <Filter>Engine\Text</Filter>
    </ClCompile>
    <ClCompile Include="Camera.cpp">
      <Filter>Engine\Entities</Filter>
    </ClCompile>
    <ClCompile Include="Car.cpp">
      <Filter>Game\Entities</Filter>
    </ClCompile>
    <ClCompile Include="CollisionDetector.cpp">
      <Filter>Engine\Utils</Filter>
    </ClCompile>
    <ClCompile Include="FileReader.cpp">
      <Filter>Engine\Text</Filter>
    </ClCompile>
    <ClCompile Include="Geometry.cpp">
      <Filter>Engine\Utils</Filter>
    </ClCompile>
    <ClCompile Include="TextureManager.cpp">
      <Filter>Engine\Systems\Textures</Filter>
    </ClCompile>
    <ClCompile Include="Window.cpp">
      <Filter>Engine\Systems\Window</Filter>
    </ClCompile>
    <ClCompile Include="FPSLimiter.cpp">
      <Filter>Engine\Systems\Window</Filter>
    </ClCompile>
    <ClCompile Include="Scene.cpp">
      <Filter>Engine\Level</Filter>
    </ClCompile>
    <ClCompile Include="Main.cpp">
      <Filter>Game</Filter>
    </ClCompile>
    <ClCompile Include="Robot.cpp">
      <Filter>Game\Entities</Filter>
    </ClCompile>
    <ClCompile Include="AllvsAll.cpp">
      <Filter>Game\Modes</Filter>
    </ClCompile>
    <ClCompile Include="jsoncpp.cpp">
      <Filter>Engine\Utils\JSON</Filter>
    </ClCompile>
    <ClCompile Include="Box.cpp">
      <Filter>Engine\Utils\Volumes</Filter>
    </ClCompile>
    <ClCompile Include="Sphere.cpp">
      <Filter>Engine\Utils\Volumes</Filter>
    </ClCompile>
    <ClCompile Include="MaterialManager.cpp">
      <Filter>Engine\Systems\Textures</Filter>
    </ClCompile>
    <ClCompile Include="Entity.cpp">
      <Filter>Engine\Entities</Filter>
    </ClCompile>
    <ClCompile Include="StateManager.cpp">
      <Filter>Game\Views</Filter>
    </ClCompile>
    <ClCompile Include="Game.cpp">
      <Filter>Game\Views</Filter>
    </ClCompile>
    <ClCompile Include="GameController.cpp">
      <Filter>Game</Filter>
    </ClCompile>
    <ClCompile Include="InitScreen.cpp">
      <Filter>Game\Views</Filter>
    </ClCompile>
    <ClCompile Include="OptionsScreen.cpp">
      <Filter>Game\Views</Filter>
    </ClCompile>
    <ClCompile Include="PlayersScreen.cpp">
      <Filter>Game\Views</Filter>
    </ClCompile>
    <ClCompile Include="ModeScreen.cpp">
      <Filter>Game\Views</Filter>
    </ClCompile>
    <ClCompile Include="ArenaScreen.cpp">
      <Filter>Game\Views</Filter>
    </ClCompile>
    <ClCompile Include="Button.cpp">
      <Filter>Game\Entities</Filter>
    </ClCompile>
    <ClCompile Include="ButtonManager.cpp">
      <Filter>Game\Entities\EntityManagers</Filter>
    </ClCompile>
  </ItemGroup>
  <ItemGroup>
    <ClInclude Include="SpotLight.h">
      <Filter>Engine\Systems\Graphics\Lights</Filter>
    </ClInclude>
    <ClInclude Include="PointLight.h">
      <Filter>Engine\Systems\Graphics\Lights</Filter>
    </ClInclude>
    <ClInclude Include="Light.h">
      <Filter>Engine\Systems\Graphics\Lights</Filter>
    </ClInclude>
    <ClInclude Include="DirectionalLight.h">
      <Filter>Engine\Systems\Graphics\Lights</Filter>
    </ClInclude>
    <ClInclude Include="TurriFramework.h">
      <Filter>Engine</Filter>
    </ClInclude>
    <ClInclude Include="SceneCreator.h">
      <Filter>Engine\Level</Filter>
    </ClInclude>
    <ClInclude Include="OpenGLManagement.h">
      <Filter>Engine\Systems\Graphics</Filter>
    </ClInclude>
    <ClInclude Include="OpenGL.h">
      <Filter>Engine\Systems\Graphics</Filter>
    </ClInclude>
    <ClInclude Include="ErrorManagement.h">
      <Filter>Engine\Utils</Filter>
    </ClInclude>
    <ClInclude Include="InputManager.h">
      <Filter>Engine\Systems\Input</Filter>
    </ClInclude>
    <ClInclude Include="TextManager.h">
      <Filter>Engine\Text</Filter>
    </ClInclude>
    <ClInclude Include="OBJ.h">
      <Filter>Engine\Entities</Filter>
    </ClInclude>
    <ClInclude Include="Car.h">
      <Filter>Game\Entities</Filter>
    </ClInclude>
    <ClInclude Include="CollisionDetector.h">
      <Filter>Engine\Utils</Filter>
    </ClInclude>
    <ClInclude Include="FileReader.h">
      <Filter>Engine\Text</Filter>
    </ClInclude>
    <ClInclude Include="Camera.h">
      <Filter>Engine\Entities</Filter>
    </ClInclude>
    <ClInclude Include="Geometry.h">
      <Filter>Engine\Utils</Filter>
    </ClInclude>
    <ClInclude Include="GameObject.h">
      <Filter>Engine\Systems\Graphics</Filter>
    </ClInclude>
    <ClInclude Include="TextureManager.h">
      <Filter>Engine\Systems\Textures</Filter>
    </ClInclude>
    <ClInclude Include="Window.h">
      <Filter>Engine\Systems\Window</Filter>
    </ClInclude>
    <ClInclude Include="FPSLimiter.h">
      <Filter>Engine\Systems\Window</Filter>
    </ClInclude>
    <ClInclude Include="Vertex.h">
      <Filter>Engine\Systems\Graphics</Filter>
    </ClInclude>
    <ClInclude Include="Scene.h">
      <Filter>Engine\Level</Filter>
    </ClInclude>
    <ClInclude Include="Robot.h">
      <Filter>Game\Entities</Filter>
    </ClInclude>
    <ClInclude Include="AllvsAll.h">
      <Filter>Game\Modes</Filter>
    </ClInclude>
    <ClInclude Include="json\json.h">
      <Filter>Engine\Utils\JSON</Filter>
    </ClInclude>
    <ClInclude Include="json\json-forwards.h">
      <Filter>Engine\Utils\JSON</Filter>
    </ClInclude>
    <ClInclude Include="Box.h">
      <Filter>Engine\Utils\Volumes</Filter>
    </ClInclude>
    <ClInclude Include="Sphere.h">
      <Filter>Engine\Utils\Volumes</Filter>
    </ClInclude>
    <ClInclude Include="MaterialManager.h">
      <Filter>Engine\Systems\Textures</Filter>
    </ClInclude>
    <ClInclude Include="Entity.h">
      <Filter>Engine\Entities</Filter>
    </ClInclude>
    <ClInclude Include="TurriIncludes.h">
      <Filter>Engine</Filter>
    </ClInclude>
    <ClInclude Include="BaseScreen.h">
      <Filter>Engine\Views</Filter>
    </ClInclude>
    <ClInclude Include="StateManager.h">
      <Filter>Game\Views</Filter>
    </ClInclude>
    <ClInclude Include="Game.h">
      <Filter>Game\Views</Filter>
    </ClInclude>
    <ClInclude Include="GameController.h">
      <Filter>Game</Filter>
    </ClInclude>
    <ClInclude Include="InitScreen.h">
      <Filter>Game\Views</Filter>
    </ClInclude>
    <ClInclude Include="OptionsScreen.h">
      <Filter>Game\Views</Filter>
    </ClInclude>
    <ClInclude Include="PlayersScreen.h">
      <Filter>Game\Views</Filter>
    </ClInclude>
    <ClInclude Include="ModeScreen.h">
      <Filter>Game\Views</Filter>
    </ClInclude>
    <ClInclude Include="ArenaScreen.h" />
    <ClInclude Include="Command.h">
      <Filter>Engine\Systems\Input\Command</Filter>
    </ClInclude>
    <ClInclude Include="JumpCommand.h">
      <Filter>Engine\Systems\Input\Command</Filter>
    </ClInclude>
    <ClInclude Include="ShootCommand.h">
      <Filter>Engine\Systems\Input\Command</Filter>
    </ClInclude>
    <ClInclude Include="Button.h">
      <Filter>Game\Entities</Filter>
    </ClInclude>
    <ClInclude Include="ButtonManager.h">
      <Filter>Game\Entities\EntityManagers</Filter>
    </ClInclude>
    <ClInclude Include="JoystickCommand.h">
      <Filter>Engine\Systems\Input\Command</Filter>
    </ClInclude>
    <ClInclude Include="GamePad.h">
      <Filter>Engine\Systems\Input</Filter>
    </ClInclude>
  </ItemGroup>
</Project>